// !$*UTF8*$!
{
	archiveVersion = 1;
	classes = {
	};
	objectVersion = 50;
	objects = {

/* Begin PBXBuildFile section */
		4F3AC6C925919DF900468F4F /* AppDelegate.swift in Sources */ = {isa = PBXBuildFile; fileRef = 4F3AC6C825919DF900468F4F /* AppDelegate.swift */; };
		4F3AC6CB25919DF900468F4F /* SceneDelegate.swift in Sources */ = {isa = PBXBuildFile; fileRef = 4F3AC6CA25919DF900468F4F /* SceneDelegate.swift */; };
		4F3AC6CD25919DF900468F4F /* ViewController.swift in Sources */ = {isa = PBXBuildFile; fileRef = 4F3AC6CC25919DF900468F4F /* ViewController.swift */; };
		4F3AC6D025919DF900468F4F /* Main.storyboard in Resources */ = {isa = PBXBuildFile; fileRef = 4F3AC6CE25919DF900468F4F /* Main.storyboard */; };
		4F3AC6D225919DFD00468F4F /* Assets.xcassets in Resources */ = {isa = PBXBuildFile; fileRef = 4F3AC6D125919DFD00468F4F /* Assets.xcassets */; };
		4F3AC6D525919DFD00468F4F /* LaunchScreen.storyboard in Resources */ = {isa = PBXBuildFile; fileRef = 4F3AC6D325919DFD00468F4F /* LaunchScreen.storyboard */; };
		4F3AC6E025919DFD00468F4F /* InstagramAPIPracticeTests.swift in Sources */ = {isa = PBXBuildFile; fileRef = 4F3AC6DF25919DFD00468F4F /* InstagramAPIPracticeTests.swift */; };
		4F3AC6EB25919DFE00468F4F /* InstagramAPIPracticeUITests.swift in Sources */ = {isa = PBXBuildFile; fileRef = 4F3AC6EA25919DFE00468F4F /* InstagramAPIPracticeUITests.swift */; };
/* End PBXBuildFile section */

/* Begin PBXContainerItemProxy section */
		4F3AC6DC25919DFD00468F4F /* PBXContainerItemProxy */ = {
			isa = PBXContainerItemProxy;
			containerPortal = 4F3AC6BD25919DF800468F4F /* Project object */;
			proxyType = 1;
			remoteGlobalIDString = 4F3AC6C425919DF800468F4F;
			remoteInfo = InstagramAPIPractice;
		};
		4F3AC6E725919DFE00468F4F /* PBXContainerItemProxy */ = {
			isa = PBXContainerItemProxy;
			containerPortal = 4F3AC6BD25919DF800468F4F /* Project object */;
			proxyType = 1;
			remoteGlobalIDString = 4F3AC6C425919DF800468F4F;
			remoteInfo = InstagramAPIPractice;
		};
/* End PBXContainerItemProxy section */

/* Begin PBXFileReference section */
		4F3AC6C525919DF900468F4F /* InstagramAPIPractice.app */ = {isa = PBXFileReference; explicitFileType = wrapper.application; includeInIndex = 0; path = InstagramAPIPractice.app; sourceTree = BUILT_PRODUCTS_DIR; };
		4F3AC6C825919DF900468F4F /* AppDelegate.swift */ = {isa = PBXFileReference; lastKnownFileType = sourcecode.swift; path = AppDelegate.swift; sourceTree = "<group>"; };
		4F3AC6CA25919DF900468F4F /* SceneDelegate.swift */ = {isa = PBXFileReference; lastKnownFileType = sourcecode.swift; path = SceneDelegate.swift; sourceTree = "<group>"; };
		4F3AC6CC25919DF900468F4F /* ViewController.swift */ = {isa = PBXFileReference; lastKnownFileType = sourcecode.swift; path = ViewController.swift; sourceTree = "<group>"; };
		4F3AC6CF25919DF900468F4F /* Base */ = {isa = PBXFileReference; lastKnownFileType = file.storyboard; name = Base; path = Base.lproj/Main.storyboard; sourceTree = "<group>"; };
		4F3AC6D125919DFD00468F4F /* Assets.xcassets */ = {isa = PBXFileReference; lastKnownFileType = folder.assetcatalog; path = Assets.xcassets; sourceTree = "<group>"; };
		4F3AC6D425919DFD00468F4F /* Base */ = {isa = PBXFileReference; lastKnownFileType = file.storyboard; name = Base; path = Base.lproj/LaunchScreen.storyboard; sourceTree = "<group>"; };
		4F3AC6D625919DFD00468F4F /* Info.plist */ = {isa = PBXFileReference; lastKnownFileType = text.plist.xml; path = Info.plist; sourceTree = "<group>"; };
		4F3AC6DB25919DFD00468F4F /* InstagramAPIPracticeTests.xctest */ = {isa = PBXFileReference; explicitFileType = wrapper.cfbundle; includeInIndex = 0; path = InstagramAPIPracticeTests.xctest; sourceTree = BUILT_PRODUCTS_DIR; };
		4F3AC6DF25919DFD00468F4F /* InstagramAPIPracticeTests.swift */ = {isa = PBXFileReference; lastKnownFileType = sourcecode.swift; path = InstagramAPIPracticeTests.swift; sourceTree = "<group>"; };
		4F3AC6E125919DFD00468F4F /* Info.plist */ = {isa = PBXFileReference; lastKnownFileType = text.plist.xml; path = Info.plist; sourceTree = "<group>"; };
		4F3AC6E625919DFE00468F4F /* InstagramAPIPracticeUITests.xctest */ = {isa = PBXFileReference; explicitFileType = wrapper.cfbundle; includeInIndex = 0; path = InstagramAPIPracticeUITests.xctest; sourceTree = BUILT_PRODUCTS_DIR; };
		4F3AC6EA25919DFE00468F4F /* InstagramAPIPracticeUITests.swift */ = {isa = PBXFileReference; lastKnownFileType = sourcecode.swift; path = InstagramAPIPracticeUITests.swift; sourceTree = "<group>"; };
		4F3AC6EC25919DFE00468F4F /* Info.plist */ = {isa = PBXFileReference; lastKnownFileType = text.plist.xml; path = Info.plist; sourceTree = "<group>"; };
/* End PBXFileReference section */

/* Begin PBXFrameworksBuildPhase section */
		4F3AC6C225919DF800468F4F /* Frameworks */ = {
			isa = PBXFrameworksBuildPhase;
			buildActionMask = 2147483647;
			files = (
			);
			runOnlyForDeploymentPostprocessing = 0;
		};
		4F3AC6D825919DFD00468F4F /* Frameworks */ = {
			isa = PBXFrameworksBuildPhase;
			buildActionMask = 2147483647;
			files = (
			);
			runOnlyForDeploymentPostprocessing = 0;
		};
		4F3AC6E325919DFE00468F4F /* Frameworks */ = {
			isa = PBXFrameworksBuildPhase;
			buildActionMask = 2147483647;
			files = (
			);
			runOnlyForDeploymentPostprocessing = 0;
		};
/* End PBXFrameworksBuildPhase section */

/* Begin PBXGroup section */
		4F3AC6BC25919DF800468F4F = {
			isa = PBXGroup;
			children = (
				4F3AC6C725919DF900468F4F /* InstagramAPIPractice */,
				4F3AC6DE25919DFD00468F4F /* InstagramAPIPracticeTests */,
				4F3AC6E925919DFE00468F4F /* InstagramAPIPracticeUITests */,
				4F3AC6C625919DF900468F4F /* Products */,
			);
			sourceTree = "<group>";
		};
		4F3AC6C625919DF900468F4F /* Products */ = {
			isa = PBXGroup;
			children = (
				4F3AC6C525919DF900468F4F /* InstagramAPIPractice.app */,
				4F3AC6DB25919DFD00468F4F /* InstagramAPIPracticeTests.xctest */,
				4F3AC6E625919DFE00468F4F /* InstagramAPIPracticeUITests.xctest */,
			);
			name = Products;
			sourceTree = "<group>";
		};
		4F3AC6C725919DF900468F4F /* InstagramAPIPractice */ = {
			isa = PBXGroup;
			children = (
				4F3AC6C825919DF900468F4F /* AppDelegate.swift */,
				4F3AC6CA25919DF900468F4F /* SceneDelegate.swift */,
				4F3AC6CC25919DF900468F4F /* ViewController.swift */,
				4F3AC6CE25919DF900468F4F /* Main.storyboard */,
				4F3AC6D125919DFD00468F4F /* Assets.xcassets */,
				4F3AC6D325919DFD00468F4F /* LaunchScreen.storyboard */,
				4F3AC6D625919DFD00468F4F /* Info.plist */,
			);
			path = InstagramAPIPractice;
			sourceTree = "<group>";
		};
		4F3AC6DE25919DFD00468F4F /* InstagramAPIPracticeTests */ = {
			isa = PBXGroup;
			children = (
				4F3AC6DF25919DFD00468F4F /* InstagramAPIPracticeTests.swift */,
				4F3AC6E125919DFD00468F4F /* Info.plist */,
			);
			path = InstagramAPIPracticeTests;
			sourceTree = "<group>";
		};
		4F3AC6E925919DFE00468F4F /* InstagramAPIPracticeUITests */ = {
			isa = PBXGroup;
			children = (
				4F3AC6EA25919DFE00468F4F /* InstagramAPIPracticeUITests.swift */,
				4F3AC6EC25919DFE00468F4F /* Info.plist */,
			);
			path = InstagramAPIPracticeUITests;
			sourceTree = "<group>";
		};
/* End PBXGroup section */

/* Begin PBXNativeTarget section */
		4F3AC6C425919DF800468F4F /* InstagramAPIPractice */ = {
			isa = PBXNativeTarget;
			buildConfigurationList = 4F3AC6EF25919DFE00468F4F /* Build configuration list for PBXNativeTarget "InstagramAPIPractice" */;
			buildPhases = (
				4F3AC6C125919DF800468F4F /* Sources */,
				4F3AC6C225919DF800468F4F /* Frameworks */,
				4F3AC6C325919DF800468F4F /* Resources */,
			);
			buildRules = (
			);
			dependencies = (
			);
			name = InstagramAPIPractice;
			productName = InstagramAPIPractice;
			productReference = 4F3AC6C525919DF900468F4F /* InstagramAPIPractice.app */;
			productType = "com.apple.product-type.application";
		};
		4F3AC6DA25919DFD00468F4F /* InstagramAPIPracticeTests */ = {
			isa = PBXNativeTarget;
			buildConfigurationList = 4F3AC6F225919DFE00468F4F /* Build configuration list for PBXNativeTarget "InstagramAPIPracticeTests" */;
			buildPhases = (
				4F3AC6D725919DFD00468F4F /* Sources */,
				4F3AC6D825919DFD00468F4F /* Frameworks */,
				4F3AC6D925919DFD00468F4F /* Resources */,
			);
			buildRules = (
			);
			dependencies = (
				4F3AC6DD25919DFD00468F4F /* PBXTargetDependency */,
			);
			name = InstagramAPIPracticeTests;
			productName = InstagramAPIPracticeTests;
			productReference = 4F3AC6DB25919DFD00468F4F /* InstagramAPIPracticeTests.xctest */;
			productType = "com.apple.product-type.bundle.unit-test";
		};
		4F3AC6E525919DFE00468F4F /* InstagramAPIPracticeUITests */ = {
			isa = PBXNativeTarget;
			buildConfigurationList = 4F3AC6F525919DFE00468F4F /* Build configuration list for PBXNativeTarget "InstagramAPIPracticeUITests" */;
			buildPhases = (
				4F3AC6E225919DFE00468F4F /* Sources */,
				4F3AC6E325919DFE00468F4F /* Frameworks */,
				4F3AC6E425919DFE00468F4F /* Resources */,
			);
			buildRules = (
			);
			dependencies = (
				4F3AC6E825919DFE00468F4F /* PBXTargetDependency */,
			);
			name = InstagramAPIPracticeUITests;
			productName = InstagramAPIPracticeUITests;
			productReference = 4F3AC6E625919DFE00468F4F /* InstagramAPIPracticeUITests.xctest */;
			productType = "com.apple.product-type.bundle.ui-testing";
		};
/* End PBXNativeTarget section */

/* Begin PBXProject section */
		4F3AC6BD25919DF800468F4F /* Project object */ = {
			isa = PBXProject;
			attributes = {
				LastSwiftUpdateCheck = 1220;
				LastUpgradeCheck = 1220;
				TargetAttributes = {
					4F3AC6C425919DF800468F4F = {
						CreatedOnToolsVersion = 12.2;
					};
					4F3AC6DA25919DFD00468F4F = {
						CreatedOnToolsVersion = 12.2;
						TestTargetID = 4F3AC6C425919DF800468F4F;
					};
					4F3AC6E525919DFE00468F4F = {
						CreatedOnToolsVersion = 12.2;
						TestTargetID = 4F3AC6C425919DF800468F4F;
					};
				};
			};
			buildConfigurationList = 4F3AC6C025919DF800468F4F /* Build configuration list for PBXProject "InstagramAPIPractice" */;
			compatibilityVersion = "Xcode 9.3";
			developmentRegion = en;
			hasScannedForEncodings = 0;
			knownRegions = (
				en,
				Base,
			);
			mainGroup = 4F3AC6BC25919DF800468F4F;
			productRefGroup = 4F3AC6C625919DF900468F4F /* Products */;
			projectDirPath = "";
			projectRoot = "";
			targets = (
				4F3AC6C425919DF800468F4F /* InstagramAPIPractice */,
				4F3AC6DA25919DFD00468F4F /* InstagramAPIPracticeTests */,
				4F3AC6E525919DFE00468F4F /* InstagramAPIPracticeUITests */,
			);
		};
/* End PBXProject section */

/* Begin PBXResourcesBuildPhase section */
		4F3AC6C325919DF800468F4F /* Resources */ = {
			isa = PBXResourcesBuildPhase;
			buildActionMask = 2147483647;
			files = (
				4F3AC6D525919DFD00468F4F /* LaunchScreen.storyboard in Resources */,
				4F3AC6D225919DFD00468F4F /* Assets.xcassets in Resources */,
				4F3AC6D025919DF900468F4F /* Main.storyboard in Resources */,
			);
			runOnlyForDeploymentPostprocessing = 0;
		};
		4F3AC6D925919DFD00468F4F /* Resources */ = {
			isa = PBXResourcesBuildPhase;
			buildActionMask = 2147483647;
			files = (
			);
			runOnlyForDeploymentPostprocessing = 0;
		};
		4F3AC6E425919DFE00468F4F /* Resources */ = {
			isa = PBXResourcesBuildPhase;
			buildActionMask = 2147483647;
			files = (
			);
			runOnlyForDeploymentPostprocessing = 0;
		};
/* End PBXResourcesBuildPhase section */

/* Begin PBXSourcesBuildPhase section */
		4F3AC6C125919DF800468F4F /* Sources */ = {
			isa = PBXSourcesBuildPhase;
			buildActionMask = 2147483647;
			files = (
				4F3AC6CD25919DF900468F4F /* ViewController.swift in Sources */,
				4F3AC6C925919DF900468F4F /* AppDelegate.swift in Sources */,
				4F3AC6CB25919DF900468F4F /* SceneDelegate.swift in Sources */,
			);
			runOnlyForDeploymentPostprocessing = 0;
		};
		4F3AC6D725919DFD00468F4F /* Sources */ = {
			isa = PBXSourcesBuildPhase;
			buildActionMask = 2147483647;
			files = (
				4F3AC6E025919DFD00468F4F /* InstagramAPIPracticeTests.swift in Sources */,
			);
			runOnlyForDeploymentPostprocessing = 0;
		};
		4F3AC6E225919DFE00468F4F /* Sources */ = {
			isa = PBXSourcesBuildPhase;
			buildActionMask = 2147483647;
			files = (
				4F3AC6EB25919DFE00468F4F /* InstagramAPIPracticeUITests.swift in Sources */,
			);
			runOnlyForDeploymentPostprocessing = 0;
		};
/* End PBXSourcesBuildPhase section */

/* Begin PBXTargetDependency section */
		4F3AC6DD25919DFD00468F4F /* PBXTargetDependency */ = {
			isa = PBXTargetDependency;
			target = 4F3AC6C425919DF800468F4F /* InstagramAPIPractice */;
			targetProxy = 4F3AC6DC25919DFD00468F4F /* PBXContainerItemProxy */;
		};
		4F3AC6E825919DFE00468F4F /* PBXTargetDependency */ = {
			isa = PBXTargetDependency;
			target = 4F3AC6C425919DF800468F4F /* InstagramAPIPractice */;
			targetProxy = 4F3AC6E725919DFE00468F4F /* PBXContainerItemProxy */;
		};
/* End PBXTargetDependency section */

/* Begin PBXVariantGroup section */
		4F3AC6CE25919DF900468F4F /* Main.storyboard */ = {
			isa = PBXVariantGroup;
			children = (
				4F3AC6CF25919DF900468F4F /* Base */,
			);
			name = Main.storyboard;
			sourceTree = "<group>";
		};
		4F3AC6D325919DFD00468F4F /* LaunchScreen.storyboard */ = {
			isa = PBXVariantGroup;
			children = (
				4F3AC6D425919DFD00468F4F /* Base */,
			);
			name = LaunchScreen.storyboard;
			sourceTree = "<group>";
		};
/* End PBXVariantGroup section */

/* Begin XCBuildConfiguration section */
		4F3AC6ED25919DFE00468F4F /* Debug */ = {
			isa = XCBuildConfiguration;
			buildSettings = {
				ALWAYS_SEARCH_USER_PATHS = NO;
				CLANG_ANALYZER_NONNULL = YES;
				CLANG_ANALYZER_NUMBER_OBJECT_CONVERSION = YES_AGGRESSIVE;
				CLANG_CXX_LANGUAGE_STANDARD = "gnu++14";
				CLANG_CXX_LIBRARY = "libc++";
				CLANG_ENABLE_MODULES = YES;
				CLANG_ENABLE_OBJC_ARC = YES;
				CLANG_ENABLE_OBJC_WEAK = YES;
				CLANG_WARN_BLOCK_CAPTURE_AUTORELEASING = YES;
				CLANG_WARN_BOOL_CONVERSION = YES;
				CLANG_WARN_COMMA = YES;
				CLANG_WARN_CONSTANT_CONVERSION = YES;
				CLANG_WARN_DEPRECATED_OBJC_IMPLEMENTATIONS = YES;
				CLANG_WARN_DIRECT_OBJC_ISA_USAGE = YES_ERROR;
				CLANG_WARN_DOCUMENTATION_COMMENTS = YES;
				CLANG_WARN_EMPTY_BODY = YES;
				CLANG_WARN_ENUM_CONVERSION = YES;
				CLANG_WARN_INFINITE_RECURSION = YES;
				CLANG_WARN_INT_CONVERSION = YES;
				CLANG_WARN_NON_LITERAL_NULL_CONVERSION = YES;
				CLANG_WARN_OBJC_IMPLICIT_RETAIN_SELF = YES;
				CLANG_WARN_OBJC_LITERAL_CONVERSION = YES;
				CLANG_WARN_OBJC_ROOT_CLASS = YES_ERROR;
				CLANG_WARN_QUOTED_INCLUDE_IN_FRAMEWORK_HEADER = YES;
				CLANG_WARN_RANGE_LOOP_ANALYSIS = YES;
				CLANG_WARN_STRICT_PROTOTYPES = YES;
				CLANG_WARN_SUSPICIOUS_MOVE = YES;
				CLANG_WARN_UNGUARDED_AVAILABILITY = YES_AGGRESSIVE;
				CLANG_WARN_UNREACHABLE_CODE = YES;
				CLANG_WARN__DUPLICATE_METHOD_MATCH = YES;
				COPY_PHASE_STRIP = NO;
				DEBUG_INFORMATION_FORMAT = dwarf;
				ENABLE_STRICT_OBJC_MSGSEND = YES;
				ENABLE_TESTABILITY = YES;
				GCC_C_LANGUAGE_STANDARD = gnu11;
				GCC_DYNAMIC_NO_PIC = NO;
				GCC_NO_COMMON_BLOCKS = YES;
				GCC_OPTIMIZATION_LEVEL = 0;
				GCC_PREPROCESSOR_DEFINITIONS = (
					"DEBUG=1",
					"$(inherited)",
				);
				GCC_WARN_64_TO_32_BIT_CONVERSION = YES;
				GCC_WARN_ABOUT_RETURN_TYPE = YES_ERROR;
				GCC_WARN_UNDECLARED_SELECTOR = YES;
				GCC_WARN_UNINITIALIZED_AUTOS = YES_AGGRESSIVE;
				GCC_WARN_UNUSED_FUNCTION = YES;
				GCC_WARN_UNUSED_VARIABLE = YES;
				IPHONEOS_DEPLOYMENT_TARGET = 14.2;
				MTL_ENABLE_DEBUG_INFO = INCLUDE_SOURCE;
				MTL_FAST_MATH = YES;
				ONLY_ACTIVE_ARCH = YES;
				SDKROOT = iphoneos;
				SWIFT_ACTIVE_COMPILATION_CONDITIONS = DEBUG;
				SWIFT_OPTIMIZATION_LEVEL = "-Onone";
			};
			name = Debug;
		};
		4F3AC6EE25919DFE00468F4F /* Release */ = {
			isa = XCBuildConfiguration;
			buildSettings = {
				ALWAYS_SEARCH_USER_PATHS = NO;
				CLANG_ANALYZER_NONNULL = YES;
				CLANG_ANALYZER_NUMBER_OBJECT_CONVERSION = YES_AGGRESSIVE;
				CLANG_CXX_LANGUAGE_STANDARD = "gnu++14";
				CLANG_CXX_LIBRARY = "libc++";
				CLANG_ENABLE_MODULES = YES;
				CLANG_ENABLE_OBJC_ARC = YES;
				CLANG_ENABLE_OBJC_WEAK = YES;
				CLANG_WARN_BLOCK_CAPTURE_AUTORELEASING = YES;
				CLANG_WARN_BOOL_CONVERSION = YES;
				CLANG_WARN_COMMA = YES;
				CLANG_WARN_CONSTANT_CONVERSION = YES;
				CLANG_WARN_DEPRECATED_OBJC_IMPLEMENTATIONS = YES;
				CLANG_WARN_DIRECT_OBJC_ISA_USAGE = YES_ERROR;
				CLANG_WARN_DOCUMENTATION_COMMENTS = YES;
				CLANG_WARN_EMPTY_BODY = YES;
				CLANG_WARN_ENUM_CONVERSION = YES;
				CLANG_WARN_INFINITE_RECURSION = YES;
				CLANG_WARN_INT_CONVERSION = YES;
				CLANG_WARN_NON_LITERAL_NULL_CONVERSION = YES;
				CLANG_WARN_OBJC_IMPLICIT_RETAIN_SELF = YES;
				CLANG_WARN_OBJC_LITERAL_CONVERSION = YES;
				CLANG_WARN_OBJC_ROOT_CLASS = YES_ERROR;
				CLANG_WARN_QUOTED_INCLUDE_IN_FRAMEWORK_HEADER = YES;
				CLANG_WARN_RANGE_LOOP_ANALYSIS = YES;
				CLANG_WARN_STRICT_PROTOTYPES = YES;
				CLANG_WARN_SUSPICIOUS_MOVE = YES;
				CLANG_WARN_UNGUARDED_AVAILABILITY = YES_AGGRESSIVE;
				CLANG_WARN_UNREACHABLE_CODE = YES;
				CLANG_WARN__DUPLICATE_METHOD_MATCH = YES;
				COPY_PHASE_STRIP = NO;
				DEBUG_INFORMATION_FORMAT = "dwarf-with-dsym";
				ENABLE_NS_ASSERTIONS = NO;
				ENABLE_STRICT_OBJC_MSGSEND = YES;
				GCC_C_LANGUAGE_STANDARD = gnu11;
				GCC_NO_COMMON_BLOCKS = YES;
				GCC_WARN_64_TO_32_BIT_CONVERSION = YES;
				GCC_WARN_ABOUT_RETURN_TYPE = YES_ERROR;
				GCC_WARN_UNDECLARED_SELECTOR = YES;
				GCC_WARN_UNINITIALIZED_AUTOS = YES_AGGRESSIVE;
				GCC_WARN_UNUSED_FUNCTION = YES;
				GCC_WARN_UNUSED_VARIABLE = YES;
				IPHONEOS_DEPLOYMENT_TARGET = 14.2;
				MTL_ENABLE_DEBUG_INFO = NO;
				MTL_FAST_MATH = YES;
				SDKROOT = iphoneos;
				SWIFT_COMPILATION_MODE = wholemodule;
				SWIFT_OPTIMIZATION_LEVEL = "-O";
				VALIDATE_PRODUCT = YES;
			};
			name = Release;
		};
		4F3AC6F025919DFE00468F4F /* Debug */ = {
			isa = XCBuildConfiguration;
			buildSettings = {
				ASSETCATALOG_COMPILER_APPICON_NAME = AppIcon;
				ASSETCATALOG_COMPILER_GLOBAL_ACCENT_COLOR_NAME = AccentColor;
				CODE_SIGN_STYLE = Automatic;
				DEVELOPMENT_TEAM = 6U2TAM5353;
				INFOPLIST_FILE = InstagramAPIPractice/Info.plist;
				LD_RUNPATH_SEARCH_PATHS = (
					"$(inherited)",
					"@executable_path/Frameworks",
				);
				PRODUCT_BUNDLE_IDENTIFIER = com.krauserhuang.InstagramAPIPractice;
				PRODUCT_NAME = "$(TARGET_NAME)";
				SWIFT_VERSION = 5.0;
				TARGETED_DEVICE_FAMILY = "1,2";
			};
			name = Debug;
		};
		4F3AC6F125919DFE00468F4F /* Release */ = {
			isa = XCBuildConfiguration;
			buildSettings = {
				ASSETCATALOG_COMPILER_APPICON_NAME = AppIcon;
				ASSETCATALOG_COMPILER_GLOBAL_ACCENT_COLOR_NAME = AccentColor;
				CODE_SIGN_STYLE = Automatic;
				DEVELOPMENT_TEAM = 6U2TAM5353;
				INFOPLIST_FILE = InstagramAPIPractice/Info.plist;
				LD_RUNPATH_SEARCH_PATHS = (
					"$(inherited)",
					"@executable_path/Frameworks",
				);
				PRODUCT_BUNDLE_IDENTIFIER = com.krauserhuang.InstagramAPIPractice;
				PRODUCT_NAME = "$(TARGET_NAME)";
				SWIFT_VERSION = 5.0;
				TARGETED_DEVICE_FAMILY = "1,2";
			};
			name = Release;
		};
		4F3AC6F325919DFE00468F4F /* Debug */ = {
			isa = XCBuildConfiguration;
			buildSettings = {
				ALWAYS_EMBED_SWIFT_STANDARD_LIBRARIES = YES;
				BUNDLE_LOADER = "$(TEST_HOST)";
				CODE_SIGN_STYLE = Automatic;
				DEVELOPMENT_TEAM = 6U2TAM5353;
				INFOPLIST_FILE = InstagramAPIPracticeTests/Info.plist;
				IPHONEOS_DEPLOYMENT_TARGET = 14.2;
				LD_RUNPATH_SEARCH_PATHS = (
					"$(inherited)",
					"@executable_path/Frameworks",
					"@loader_path/Frameworks",
				);
				PRODUCT_BUNDLE_IDENTIFIER = com.krauserhuang.InstagramAPIPracticeTests;
				PRODUCT_NAME = "$(TARGET_NAME)";
				SWIFT_VERSION = 5.0;
				TARGETED_DEVICE_FAMILY = "1,2";
				TEST_HOST = "$(BUILT_PRODUCTS_DIR)/InstagramAPIPractice.app/InstagramAPIPractice";
			};
			name = Debug;
		};
		4F3AC6F425919DFE00468F4F /* Release */ = {
			isa = XCBuildConfiguration;
			buildSettings = {
				ALWAYS_EMBED_SWIFT_STANDARD_LIBRARIES = YES;
				BUNDLE_LOADER = "$(TEST_HOST)";
				CODE_SIGN_STYLE = Automatic;
				DEVELOPMENT_TEAM = 6U2TAM5353;
				INFOPLIST_FILE = InstagramAPIPracticeTests/Info.plist;
				IPHONEOS_DEPLOYMENT_TARGET = 14.2;
				LD_RUNPATH_SEARCH_PATHS = (
					"$(inherited)",
					"@executable_path/Frameworks",
					"@loader_path/Frameworks",
				);
				PRODUCT_BUNDLE_IDENTIFIER = com.krauserhuang.InstagramAPIPracticeTests;
				PRODUCT_NAME = "$(TARGET_NAME)";
				SWIFT_VERSION = 5.0;
				TARGETED_DEVICE_FAMILY = "1,2";
				TEST_HOST = "$(BUILT_PRODUCTS_DIR)/InstagramAPIPractice.app/InstagramAPIPractice";
			};
			name = Release;
		};
		4F3AC6F625919DFE00468F4F /* Debug */ = {
			isa = XCBuildConfiguration;
			buildSettings = {
				ALWAYS_EMBED_SWIFT_STANDARD_LIBRARIES = YES;
				CODE_SIGN_STYLE = Automatic;
				DEVELOPMENT_TEAM = 6U2TAM5353;
				INFOPLIST_FILE = InstagramAPIPracticeUITests/Info.plist;
				LD_RUNPATH_SEARCH_PATHS = (
					"$(inherited)",
					"@executable_path/Frameworks",
					"@loader_path/Frameworks",
				);
				PRODUCT_BUNDLE_IDENTIFIER = com.krauserhuang.InstagramAPIPracticeUITests;
				PRODUCT_NAME = "$(TARGET_NAME)";
				SWIFT_VERSION = 5.0;
				TARGETED_DEVICE_FAMILY = "1,2";
				TEST_TARGET_NAME = InstagramAPIPractice;
			};
			name = Debug;
		};
		4F3AC6F725919DFE00468F4F /* Release */ = {
			isa = XCBuildConfiguration;
			buildSettings = {
				ALWAYS_EMBED_SWIFT_STANDARD_LIBRARIES = YES;
				CODE_SIGN_STYLE = Automatic;
				DEVELOPMENT_TEAM = 6U2TAM5353;
				INFOPLIST_FILE = InstagramAPIPracticeUITests/Info.plist;
				LD_RUNPATH_SEARCH_PATHS = (
					"$(inherited)",
					"@executable_path/Frameworks",
					"@loader_path/Frameworks",
				);
				PRODUCT_BUNDLE_IDENTIFIER = com.krauserhuang.InstagramAPIPracticeUITests;
				PRODUCT_NAME = "$(TARGET_NAME)";
				SWIFT_VERSION = 5.0;
				TARGETED_DEVICE_FAMILY = "1,2";
				TEST_TARGET_NAME = InstagramAPIPractice;
			};
			name = Release;
		};
/* End XCBuildConfiguration section */

/* Begin XCConfigurationList section */
		4F3AC6C025919DF800468F4F /* Build configuration list for PBXProject "InstagramAPIPractice" */ = {
			isa = XCConfigurationList;
			buildConfigurations = (
				4F3AC6ED25919DFE00468F4F /* Debug */,
				4F3AC6EE25919DFE00468F4F /* Release */,
			);
			defaultConfigurationIsVisible = 0;
			defaultConfigurationName = Release;
		};
		4F3AC6EF25919DFE00468F4F /* Build configuration list for PBXNativeTarget "InstagramAPIPractice" */ = {
			isa = XCConfigurationList;
			buildConfigurations = (
				4F3AC6F025919DFE00468F4F /* Debug */,
				4F3AC6F125919DFE00468F4F /* Release */,
			);
			defaultConfigurationIsVisible = 0;
			defaultConfigurationName = Release;
		};
		4F3AC6F225919DFE00468F4F /* Build configuration list for PBXNativeTarget "InstagramAPIPracticeTests" */ = {
			isa = XCConfigurationList;
			buildConfigurations = (
				4F3AC6F325919DFE00468F4F /* Debug */,
				4F3AC6F425919DFE00468F4F /* Release */,
			);
			defaultConfigurationIsVisible = 0;
			defaultConfigurationName = Release;
		};
		4F3AC6F525919DFE00468F4F /* Build configuration list for PBXNativeTarget "InstagramAPIPracticeUITests" */ = {
			isa = XCConfigurationList;
			buildConfigurations = (
				4F3AC6F625919DFE00468F4F /* Debug */,
				4F3AC6F725919DFE00468F4F /* Release */,
			);
			defaultConfigurationIsVisible = 0;
			defaultConfigurationName = Release;
		};
/* End XCConfigurationList section */
	};
	rootObject = 4F3AC6BD25919DF800468F4F /* Project object */;
}
